// !$*UTF8*$!
{
	archiveVersion = 1;
	classes = {
	};
	objectVersion = 77;
	objects = {

/* Begin PBXBuildFile section */
		002BBA6230741FE40DBA2654 /* glossary_finance.json in Resources */ = {isa = PBXBuildFile; fileRef = 0A2F0FFCDA9F47B96D3651FF /* glossary_finance.json */; };
		073D9E08848001D98517B19B /* Glossary.swift in Sources */ = {isa = PBXBuildFile; fileRef = 1625E96D841DD218D5D0F5BD /* Glossary.swift */; };
		09615D92A68C1BB3C4B0E849 /* AIBrand.swift in Sources */ = {isa = PBXBuildFile; fileRef = FBFE8CECC6298B8FF6E75186 /* AIBrand.swift */; };
		0E41E64A5A5D472AA9D45463 /* PGSearchBar.swift in Sources */ = {isa = PBXBuildFile; fileRef = F72F36455A190B3E1F17E963 /* PGSearchBar.swift */; };
		103168498D1967CB6476467A /* FinanceBrand.swift in Sources */ = {isa = PBXBuildFile; fileRef = B5920872047779114629FD51 /* FinanceBrand.swift */; };
		17A74E67A0E356AC98E366B5 /* FilterSheet.swift in Sources */ = {isa = PBXBuildFile; fileRef = E5A56A473B2C0C6F71E894CC /* FilterSheet.swift */; };
		1889F9EC6CD59F700C491D5B /* TermDetailView.swift in Sources */ = {isa = PBXBuildFile; fileRef = 631C3AFAA99AF368137FA4D4 /* TermDetailView.swift */; };
		18926DD04DD4EC74C6D66705 /* Typography.swift in Sources */ = {isa = PBXBuildFile; fileRef = 7F1F760FED30EDA2A6BC9D59 /* Typography.swift */; };
		2D317F6BF7557FD09C16943C /* RootView.swift in Sources */ = {isa = PBXBuildFile; fileRef = 76097C8C0CDE60B86FF51EEE /* RootView.swift */; };
		39214871FF177FC2DA858080 /* AboutView.swift in Sources */ = {isa = PBXBuildFile; fileRef = B59725A0C95008707447FF37 /* AboutView.swift */; };
		41E1B91063ADB15EC5C973CE /* FavoritesView.swift in Sources */ = {isa = PBXBuildFile; fileRef = 7D4934B9F5D89A2046403EF6 /* FavoritesView.swift */; };
		56F9C1D8CA613E7F683EB86C /* Hyperlinks.swift in Sources */ = {isa = PBXBuildFile; fileRef = 0AEA1B6DE6DFDEB53566F1B4 /* Hyperlinks.swift */; };
		598AF1C4E684B0F65C2071CB /* SplashView.swift in Sources */ = {isa = PBXBuildFile; fileRef = B8050281258D995600F8E2B8 /* SplashView.swift */; };
		6D0ACE12912DCAFD31BA235E /* JBGlossaryApp.swift in Sources */ = {isa = PBXBuildFile; fileRef = 95C79B229AE3CD86C0893D86 /* JBGlossaryApp.swift */; };
		70008ABF2DB1ECECB1BFD68C /* PGBackground.swift in Sources */ = {isa = PBXBuildFile; fileRef = AA394CD8FC66E4498EBB3F7A /* PGBackground.swift */; };
		74434847A03007291C21BC98 /* EditorialHeader.swift in Sources */ = {isa = PBXBuildFile; fileRef = 1FAB062FCE396DCF7AB21B76 /* EditorialHeader.swift */; };
		7BE7536D4E5FD2955D0FEC40 /* IndustryPickerView.swift in Sources */ = {isa = PBXBuildFile; fileRef = 427B99CE8C1F228786FA03CE /* IndustryPickerView.swift */; };
		7F4F2708CD01A3519904CB02 /* glossary_law.json in Resources */ = {isa = PBXBuildFile; fileRef = 02AD88C289047DBCF0556D0A /* glossary_law.json */; };
		9B59AE3EEFA90672137E6610 /* IndustryConfig.swift in Sources */ = {isa = PBXBuildFile; fileRef = C64DB09B536A4C3A2CE4F19A /* IndustryConfig.swift */; };
		A1BEC64D6275AB84203DF560 /* Assets.xcassets in Resources */ = {isa = PBXBuildFile; fileRef = 5B4BC9CAC4008DD7A723C18B /* Assets.xcassets */; };
		A56A552B2B4D7AA9F713F9EB /* glossary_pharma.json in Resources */ = {isa = PBXBuildFile; fileRef = 38DC63501638BCC01B7FF226 /* glossary_pharma.json */; };
		AD22A51C7A3E56CF8B75FA45 /* glossary_ai.json in Resources */ = {isa = PBXBuildFile; fileRef = 1A08E98C81167BC567633D27 /* glossary_ai.json */; };
		B23C3B6951C38794135EDA2D /* Brand.swift in Sources */ = {isa = PBXBuildFile; fileRef = 6FA0E7F492FA908C47699562 /* Brand.swift */; };
		B506803939B0B9FE244FCFCA /* PharmaBrand.swift in Sources */ = {isa = PBXBuildFile; fileRef = 2F7744E4F7F2C1ED299CBD81 /* PharmaBrand.swift */; };
		D72D7F78AB6BA8FED284CDF1 /* PrivacyInfo.xcprivacy in Resources */ = {isa = PBXBuildFile; fileRef = 4031A2549BC0200FD7AC4470 /* PrivacyInfo.xcprivacy */; };
		D763ED4E4E58769D060B3CA7 /* LetterView.swift in Sources */ = {isa = PBXBuildFile; fileRef = 43F8BD5F9CADAB36C6C7C5E6 /* LetterView.swift */; };
		DE729F9CE69F92DEA24E3D29 /* LawBrand.swift in Sources */ = {isa = PBXBuildFile; fileRef = 0193436ED3CA2B9EC1B1F01A /* LawBrand.swift */; };
		EAD56A2B433E6881E555B005 /* LensView.swift in Sources */ = {isa = PBXBuildFile; fileRef = 57E73F7DA3FB5A5E95526327 /* LensView.swift */; };
		F6DDABA4612A3EE7B8BE6F61 /* ContentRouter.swift in Sources */ = {isa = PBXBuildFile; fileRef = 5693A67B3D73F2D64EA12D91 /* ContentRouter.swift */; };
		F7C1372E3F93DEFCD036A388 /* Colors.swift in Sources */ = {isa = PBXBuildFile; fileRef = D40E3085A21D0C678FE9E4DD /* Colors.swift */; };
/* End PBXBuildFile section */

/* Begin PBXFileReference section */
		0193436ED3CA2B9EC1B1F01A /* LawBrand.swift */ = {isa = PBXFileReference; lastKnownFileType = sourcecode.swift; path = LawBrand.swift; sourceTree = "<group>"; };
		02AD88C289047DBCF0556D0A /* glossary_law.json */ = {isa = PBXFileReference; lastKnownFileType = text.json; path = glossary_law.json; sourceTree = "<group>"; };
		0A2F0FFCDA9F47B96D3651FF /* glossary_finance.json */ = {isa = PBXFileReference; lastKnownFileType = text.json; path = glossary_finance.json; sourceTree = "<group>"; };
		0AEA1B6DE6DFDEB53566F1B4 /* Hyperlinks.swift */ = {isa = PBXFileReference; lastKnownFileType = sourcecode.swift; path = Hyperlinks.swift; sourceTree = "<group>"; };
		1625E96D841DD218D5D0F5BD /* Glossary.swift */ = {isa = PBXFileReference; lastKnownFileType = sourcecode.swift; path = Glossary.swift; sourceTree = "<group>"; };
		1A08E98C81167BC567633D27 /* glossary_ai.json */ = {isa = PBXFileReference; lastKnownFileType = text.json; path = glossary_ai.json; sourceTree = "<group>"; };
		1FAB062FCE396DCF7AB21B76 /* EditorialHeader.swift */ = {isa = PBXFileReference; lastKnownFileType = sourcecode.swift; path = EditorialHeader.swift; sourceTree = "<group>"; };
		2F7744E4F7F2C1ED299CBD81 /* PharmaBrand.swift */ = {isa = PBXFileReference; lastKnownFileType = sourcecode.swift; path = PharmaBrand.swift; sourceTree = "<group>"; };
		38DC63501638BCC01B7FF226 /* glossary_pharma.json */ = {isa = PBXFileReference; lastKnownFileType = text.json; path = glossary_pharma.json; sourceTree = "<group>"; };
		4031A2549BC0200FD7AC4470 /* PrivacyInfo.xcprivacy */ = {isa = PBXFileReference; path = PrivacyInfo.xcprivacy; sourceTree = "<group>"; };
		427B99CE8C1F228786FA03CE /* IndustryPickerView.swift */ = {isa = PBXFileReference; lastKnownFileType = sourcecode.swift; path = IndustryPickerView.swift; sourceTree = "<group>"; };
		43F8BD5F9CADAB36C6C7C5E6 /* LetterView.swift */ = {isa = PBXFileReference; lastKnownFileType = sourcecode.swift; path = LetterView.swift; sourceTree = "<group>"; };
		5693A67B3D73F2D64EA12D91 /* ContentRouter.swift */ = {isa = PBXFileReference; lastKnownFileType = sourcecode.swift; path = ContentRouter.swift; sourceTree = "<group>"; };
		57E73F7DA3FB5A5E95526327 /* LensView.swift */ = {isa = PBXFileReference; lastKnownFileType = sourcecode.swift; path = LensView.swift; sourceTree = "<group>"; };
		5B4BC9CAC4008DD7A723C18B /* Assets.xcassets */ = {isa = PBXFileReference; lastKnownFileType = folder.assetcatalog; path = Assets.xcassets; sourceTree = "<group>"; };
		631C3AFAA99AF368137FA4D4 /* TermDetailView.swift */ = {isa = PBXFileReference; lastKnownFileType = sourcecode.swift; path = TermDetailView.swift; sourceTree = "<group>"; };
		6FA0E7F492FA908C47699562 /* Brand.swift */ = {isa = PBXFileReference; lastKnownFileType = sourcecode.swift; path = Brand.swift; sourceTree = "<group>"; };
		76097C8C0CDE60B86FF51EEE /* RootView.swift */ = {isa = PBXFileReference; lastKnownFileType = sourcecode.swift; path = RootView.swift; sourceTree = "<group>"; };
		7D4934B9F5D89A2046403EF6 /* FavoritesView.swift */ = {isa = PBXFileReference; lastKnownFileType = sourcecode.swift; path = FavoritesView.swift; sourceTree = "<group>"; };
		7F1F760FED30EDA2A6BC9D59 /* Typography.swift */ = {isa = PBXFileReference; lastKnownFileType = sourcecode.swift; path = Typography.swift; sourceTree = "<group>"; };
		95C79B229AE3CD86C0893D86 /* JBGlossaryApp.swift */ = {isa = PBXFileReference; lastKnownFileType = sourcecode.swift; path = JBGlossaryApp.swift; sourceTree = "<group>"; };
		AA394CD8FC66E4498EBB3F7A /* PGBackground.swift */ = {isa = PBXFileReference; lastKnownFileType = sourcecode.swift; path = PGBackground.swift; sourceTree = "<group>"; };
		B5920872047779114629FD51 /* FinanceBrand.swift */ = {isa = PBXFileReference; lastKnownFileType = sourcecode.swift; path = FinanceBrand.swift; sourceTree = "<group>"; };
		B59725A0C95008707447FF37 /* AboutView.swift */ = {isa = PBXFileReference; lastKnownFileType = sourcecode.swift; path = AboutView.swift; sourceTree = "<group>"; };
		B8050281258D995600F8E2B8 /* SplashView.swift */ = {isa = PBXFileReference; lastKnownFileType = sourcecode.swift; path = SplashView.swift; sourceTree = "<group>"; };
		C64DB09B536A4C3A2CE4F19A /* IndustryConfig.swift */ = {isa = PBXFileReference; lastKnownFileType = sourcecode.swift; path = IndustryConfig.swift; sourceTree = "<group>"; };
		D40E3085A21D0C678FE9E4DD /* Colors.swift */ = {isa = PBXFileReference; lastKnownFileType = sourcecode.swift; path = Colors.swift; sourceTree = "<group>"; };
		E5A56A473B2C0C6F71E894CC /* FilterSheet.swift */ = {isa = PBXFileReference; lastKnownFileType = sourcecode.swift; path = FilterSheet.swift; sourceTree = "<group>"; };
		F72F36455A190B3E1F17E963 /* PGSearchBar.swift */ = {isa = PBXFileReference; lastKnownFileType = sourcecode.swift; path = PGSearchBar.swift; sourceTree = "<group>"; };
		FA81E1A9E59C4885A271E3FE /* JBGlossary.app */ = {isa = PBXFileReference; includeInIndex = 0; lastKnownFileType = wrapper.application; path = JBGlossary.app; sourceTree = BUILT_PRODUCTS_DIR; };
		FBFE8CECC6298B8FF6E75186 /* AIBrand.swift */ = {isa = PBXFileReference; lastKnownFileType = sourcecode.swift; path = AIBrand.swift; sourceTree = "<group>"; };
/* End PBXFileReference section */

/* Begin PBXGroup section */
		0E2F7992DF302CFC6EDB0C5E /* Targets */ = {
			isa = PBXGroup;
			children = (
				1C009C9B83E5F4C4C3A541F4 /* AI */,
				F751F59DE27CA0F716026E76 /* Finance */,
				998919E2EA043CF18A73BC76 /* Law */,
				98655C064F15EFC0EC1AD3E0 /* Pharma */,
			);
			path = Targets;
			sourceTree = "<group>";
		};
		1BAC2D5676EB335D12166937 /* Models */ = {
			isa = PBXGroup;
			children = (
				1625E96D841DD218D5D0F5BD /* Glossary.swift */,
				0AEA1B6DE6DFDEB53566F1B4 /* Hyperlinks.swift */,
			);
			path = Models;
			sourceTree = "<group>";
		};
		1C009C9B83E5F4C4C3A541F4 /* AI */ = {
			isa = PBXGroup;
			children = (
				28DD941D011C95ABF7E3D355 /* Resources */,
			);
			path = AI;
			sourceTree = "<group>";
		};
		2169E9DCC0431297A40A8674 /* Products */ = {
			isa = PBXGroup;
			children = (
				FA81E1A9E59C4885A271E3FE /* JBGlossary.app */,
			);
			name = Products;
			sourceTree = "<group>";
		};
		28DD941D011C95ABF7E3D355 /* Resources */ = {
			isa = PBXGroup;
			children = (
				1A08E98C81167BC567633D27 /* glossary_ai.json */,
			);
			path = Resources;
			sourceTree = "<group>";
		};
		2A02A831AE6E234C4BFA3626 /* Views */ = {
			isa = PBXGroup;
			children = (
				B59725A0C95008707447FF37 /* AboutView.swift */,
				5693A67B3D73F2D64EA12D91 /* ContentRouter.swift */,
				7D4934B9F5D89A2046403EF6 /* FavoritesView.swift */,
				E5A56A473B2C0C6F71E894CC /* FilterSheet.swift */,
				427B99CE8C1F228786FA03CE /* IndustryPickerView.swift */,
				57E73F7DA3FB5A5E95526327 /* LensView.swift */,
				43F8BD5F9CADAB36C6C7C5E6 /* LetterView.swift */,
				76097C8C0CDE60B86FF51EEE /* RootView.swift */,
				B8050281258D995600F8E2B8 /* SplashView.swift */,
				631C3AFAA99AF368137FA4D4 /* TermDetailView.swift */,
			);
			path = Views;
			sourceTree = "<group>";
		};
		2FFFED3ADDC14358C0366DCF /* Industries */ = {
			isa = PBXGroup;
			children = (
				FBFE8CECC6298B8FF6E75186 /* AIBrand.swift */,
				B5920872047779114629FD51 /* FinanceBrand.swift */,
				C64DB09B536A4C3A2CE4F19A /* IndustryConfig.swift */,
				0193436ED3CA2B9EC1B1F01A /* LawBrand.swift */,
				2F7744E4F7F2C1ED299CBD81 /* PharmaBrand.swift */,
			);
			path = Industries;
			sourceTree = "<group>";
		};
		3EA97C26EFED1610D36FCC75 = {
			isa = PBXGroup;
			children = (
				C49EAA878CE1DFE03A9A6D08 /* Sources */,
				0E2F7992DF302CFC6EDB0C5E /* Targets */,
				2169E9DCC0431297A40A8674 /* Products */,
			);
			sourceTree = "<group>";
		};
		6DB12865773A37504466581B /* Resources */ = {
			isa = PBXGroup;
			children = (
				02AD88C289047DBCF0556D0A /* glossary_law.json */,
			);
			path = Resources;
			sourceTree = "<group>";
		};
		82D3E9D3F1480B8DA987C985 /* Resources */ = {
			isa = PBXGroup;
			children = (
				5B4BC9CAC4008DD7A723C18B /* Assets.xcassets */,
				38DC63501638BCC01B7FF226 /* glossary_pharma.json */,
				4031A2549BC0200FD7AC4470 /* PrivacyInfo.xcprivacy */,
			);
			path = Resources;
			sourceTree = "<group>";
		};
		85DBFADABA24C111A399D90D /* Resources */ = {
			isa = PBXGroup;
			children = (
				0A2F0FFCDA9F47B96D3651FF /* glossary_finance.json */,
			);
			path = Resources;
			sourceTree = "<group>";
		};
		98655C064F15EFC0EC1AD3E0 /* Pharma */ = {
			isa = PBXGroup;
			children = (
				82D3E9D3F1480B8DA987C985 /* Resources */,
			);
			path = Pharma;
			sourceTree = "<group>";
		};
		998919E2EA043CF18A73BC76 /* Law */ = {
			isa = PBXGroup;
			children = (
				6DB12865773A37504466581B /* Resources */,
			);
			path = Law;
			sourceTree = "<group>";
		};
		B51F5693A0A9C9A2E2544E66 /* DesignSystem */ = {
			isa = PBXGroup;
			children = (
				6FA0E7F492FA908C47699562 /* Brand.swift */,
				D40E3085A21D0C678FE9E4DD /* Colors.swift */,
				1FAB062FCE396DCF7AB21B76 /* EditorialHeader.swift */,
				AA394CD8FC66E4498EBB3F7A /* PGBackground.swift */,
				F72F36455A190B3E1F17E963 /* PGSearchBar.swift */,
				7F1F760FED30EDA2A6BC9D59 /* Typography.swift */,
			);
			path = DesignSystem;
			sourceTree = "<group>";
		};
		C49EAA878CE1DFE03A9A6D08 /* Sources */ = {
			isa = PBXGroup;
			children = (
				95C79B229AE3CD86C0893D86 /* JBGlossaryApp.swift */,
				B51F5693A0A9C9A2E2544E66 /* DesignSystem */,
				2FFFED3ADDC14358C0366DCF /* Industries */,
				1BAC2D5676EB335D12166937 /* Models */,
				2A02A831AE6E234C4BFA3626 /* Views */,
			);
			path = Sources;
			sourceTree = "<group>";
		};
		F751F59DE27CA0F716026E76 /* Finance */ = {
			isa = PBXGroup;
			children = (
				85DBFADABA24C111A399D90D /* Resources */,
			);
			path = Finance;
			sourceTree = "<group>";
		};
/* End PBXGroup section */

/* Begin PBXNativeTarget section */
		9FDCECBE4A6E64E61E9112B6 /* JBGlossary */ = {
			isa = PBXNativeTarget;
			buildConfigurationList = B355486CB4F96969FFCF9C25 /* Build configuration list for PBXNativeTarget "JBGlossary" */;
			buildPhases = (
				770638E16D659A67AC8DE37C /* Sources */,
				43737E052930E2BB18B044E3 /* Resources */,
			);
			buildRules = (
			);
			dependencies = (
			);
			name = JBGlossary;
			packageProductDependencies = (
			);
			productName = JBGlossary;
			productReference = FA81E1A9E59C4885A271E3FE /* JBGlossary.app */;
			productType = "com.apple.product-type.application";
		};
/* End PBXNativeTarget section */

/* Begin PBXProject section */
		2B90E21B9F5F8472CCBAD779 /* Project object */ = {
			isa = PBXProject;
			attributes = {
				BuildIndependentTargetsInParallel = YES;
				LastUpgradeCheck = 1430;
				TargetAttributes = {
					9FDCECBE4A6E64E61E9112B6 = {
						DevelopmentTeam = 278RL79DB5;
					};
				};
			};
			buildConfigurationList = 5D53F2C05449035AA941AEBF /* Build configuration list for PBXProject "JBGlossary" */;
			developmentRegion = en;
			hasScannedForEncodings = 0;
			knownRegions = (
				Base,
				en,
			);
			mainGroup = 3EA97C26EFED1610D36FCC75;
			minimizedProjectReferenceProxies = 1;
			preferredProjectObjectVersion = 77;
			productRefGroup = 2169E9DCC0431297A40A8674 /* Products */;
			projectDirPath = "";
			projectRoot = "";
			targets = (
				9FDCECBE4A6E64E61E9112B6 /* JBGlossary */,
			);
		};
/* End PBXProject section */

/* Begin PBXResourcesBuildPhase section */
		43737E052930E2BB18B044E3 /* Resources */ = {
			isa = PBXResourcesBuildPhase;
			buildActionMask = 2147483647;
			files = (
				A1BEC64D6275AB84203DF560 /* Assets.xcassets in Resources */,
				D72D7F78AB6BA8FED284CDF1 /* PrivacyInfo.xcprivacy in Resources */,
				AD22A51C7A3E56CF8B75FA45 /* glossary_ai.json in Resources */,
				002BBA6230741FE40DBA2654 /* glossary_finance.json in Resources */,
				7F4F2708CD01A3519904CB02 /* glossary_law.json in Resources */,
				A56A552B2B4D7AA9F713F9EB /* glossary_pharma.json in Resources */,
			);
			runOnlyForDeploymentPostprocessing = 0;
		};
/* End PBXResourcesBuildPhase section */

/* Begin PBXSourcesBuildPhase section */
		770638E16D659A67AC8DE37C /* Sources */ = {
			isa = PBXSourcesBuildPhase;
			buildActionMask = 2147483647;
			files = (
				09615D92A68C1BB3C4B0E849 /* AIBrand.swift in Sources */,
				39214871FF177FC2DA858080 /* AboutView.swift in Sources */,
				B23C3B6951C38794135EDA2D /* Brand.swift in Sources */,
				F7C1372E3F93DEFCD036A388 /* Colors.swift in Sources */,
				F6DDABA4612A3EE7B8BE6F61 /* ContentRouter.swift in Sources */,
				74434847A03007291C21BC98 /* EditorialHeader.swift in Sources */,
				41E1B91063ADB15EC5C973CE /* FavoritesView.swift in Sources */,
				17A74E67A0E356AC98E366B5 /* FilterSheet.swift in Sources */,
				103168498D1967CB6476467A /* FinanceBrand.swift in Sources */,
				073D9E08848001D98517B19B /* Glossary.swift in Sources */,
				56F9C1D8CA613E7F683EB86C /* Hyperlinks.swift in Sources */,
				9B59AE3EEFA90672137E6610 /* IndustryConfig.swift in Sources */,
				7BE7536D4E5FD2955D0FEC40 /* IndustryPickerView.swift in Sources */,
				6D0ACE12912DCAFD31BA235E /* JBGlossaryApp.swift in Sources */,
				DE729F9CE69F92DEA24E3D29 /* LawBrand.swift in Sources */,
				EAD56A2B433E6881E555B005 /* LensView.swift in Sources */,
				D763ED4E4E58769D060B3CA7 /* LetterView.swift in Sources */,
				70008ABF2DB1ECECB1BFD68C /* PGBackground.swift in Sources */,
				0E41E64A5A5D472AA9D45463 /* PGSearchBar.swift in Sources */,
				B506803939B0B9FE244FCFCA /* PharmaBrand.swift in Sources */,
				2D317F6BF7557FD09C16943C /* RootView.swift in Sources */,
				598AF1C4E684B0F65C2071CB /* SplashView.swift in Sources */,
				1889F9EC6CD59F700C491D5B /* TermDetailView.swift in Sources */,
				18926DD04DD4EC74C6D66705 /* Typography.swift in Sources */,
			);
			runOnlyForDeploymentPostprocessing = 0;
		};
/* End PBXSourcesBuildPhase section */

/* Begin XCBuildConfiguration section */
		1D5A3DE17B60C69959B8B658 /* Debug */ = {
			isa = XCBuildConfiguration;
			buildSettings = {
				ALWAYS_SEARCH_USER_PATHS = NO;
				CLANG_ANALYZER_NONNULL = YES;
				CLANG_ANALYZER_NUMBER_OBJECT_CONVERSION = YES_AGGRESSIVE;
				CLANG_CXX_LANGUAGE_STANDARD = "gnu++14";
				CLANG_CXX_LIBRARY = "libc++";
				CLANG_ENABLE_MODULES = YES;
				CLANG_ENABLE_OBJC_ARC = YES;
				CLANG_ENABLE_OBJC_WEAK = YES;
				CLANG_WARN_BLOCK_CAPTURE_AUTORELEASING = YES;
				CLANG_WARN_BOOL_CONVERSION = YES;
				CLANG_WARN_COMMA = YES;
				CLANG_WARN_CONSTANT_CONVERSION = YES;
				CLANG_WARN_DEPRECATED_OBJC_IMPLEMENTATIONS = YES;
				CLANG_WARN_DIRECT_OBJC_ISA_USAGE = YES_ERROR;
				CLANG_WARN_DOCUMENTATION_COMMENTS = YES;
				CLANG_WARN_EMPTY_BODY = YES;
				CLANG_WARN_ENUM_CONVERSION = YES;
				CLANG_WARN_INFINITE_RECURSION = YES;
				CLANG_WARN_INT_CONVERSION = YES;
				CLANG_WARN_NON_LITERAL_NULL_CONVERSION = YES;
				CLANG_WARN_OBJC_IMPLICIT_RETAIN_SELF = YES;
				CLANG_WARN_OBJC_LITERAL_CONVERSION = YES;
				CLANG_WARN_OBJC_ROOT_CLASS = YES_ERROR;
				CLANG_WARN_QUOTED_INCLUDE_IN_FRAMEWORK_HEADER = YES;
				CLANG_WARN_RANGE_LOOP_ANALYSIS = YES;
				CLANG_WARN_STRICT_PROTOTYPES = YES;
				CLANG_WARN_SUSPICIOUS_MOVE = YES;
				CLANG_WARN_UNGUARDED_AVAILABILITY = YES_AGGRESSIVE;
				CLANG_WARN_UNREACHABLE_CODE = YES;
				CLANG_WARN__DUPLICATE_METHOD_MATCH = YES;
				COPY_PHASE_STRIP = NO;
				CURRENT_PROJECT_VERSION = 3;
				DEBUG_INFORMATION_FORMAT = dwarf;
				ENABLE_STRICT_OBJC_MSGSEND = YES;
				ENABLE_TESTABILITY = YES;
				ENABLE_USER_SCRIPT_SANDBOXING = NO;
				GCC_C_LANGUAGE_STANDARD = gnu11;
				GCC_DYNAMIC_NO_PIC = NO;
				GCC_NO_COMMON_BLOCKS = YES;
				GCC_OPTIMIZATION_LEVEL = 0;
				GCC_PREPROCESSOR_DEFINITIONS = (
					"$(inherited)",
					"DEBUG=1",
				);
				GCC_WARN_64_TO_32_BIT_CONVERSION = YES;
				GCC_WARN_ABOUT_RETURN_TYPE = YES_ERROR;
				GCC_WARN_UNDECLARED_SELECTOR = YES;
				GCC_WARN_UNINITIALIZED_AUTOS = YES_AGGRESSIVE;
				GCC_WARN_UNUSED_FUNCTION = YES;
				GCC_WARN_UNUSED_VARIABLE = YES;
				IPHONEOS_DEPLOYMENT_TARGET = 17.0;
				MARKETING_VERSION = 2.0.0;
				MTL_ENABLE_DEBUG_INFO = INCLUDE_SOURCE;
				MTL_FAST_MATH = YES;
				ONLY_ACTIVE_ARCH = YES;
				PRODUCT_NAME = "$(TARGET_NAME)";
				SDKROOT = iphoneos;
				SWIFT_ACTIVE_COMPILATION_CONDITIONS = DEBUG;
				SWIFT_OPTIMIZATION_LEVEL = "-Onone";
				SWIFT_VERSION = 5.9;
			};
			name = Debug;
		};
		2DCFC588EF4E14B2C940404E /* Release */ = {
			isa = XCBuildConfiguration;
			buildSettings = {
				ALWAYS_SEARCH_USER_PATHS = NO;
				CLANG_ANALYZER_NONNULL = YES;
				CLANG_ANALYZER_NUMBER_OBJECT_CONVERSION = YES_AGGRESSIVE;
				CLANG_CXX_LANGUAGE_STANDARD = "gnu++14";
				CLANG_CXX_LIBRARY = "libc++";
				CLANG_ENABLE_MODULES = YES;
				CLANG_ENABLE_OBJC_ARC = YES;
				CLANG_ENABLE_OBJC_WEAK = YES;
				CLANG_WARN_BLOCK_CAPTURE_AUTORELEASING = YES;
				CLANG_WARN_BOOL_CONVERSION = YES;
				CLANG_WARN_COMMA = YES;
				CLANG_WARN_CONSTANT_CONVERSION = YES;
				CLANG_WARN_DEPRECATED_OBJC_IMPLEMENTATIONS = YES;
				CLANG_WARN_DIRECT_OBJC_ISA_USAGE = YES_ERROR;
				CLANG_WARN_DOCUMENTATION_COMMENTS = YES;
				CLANG_WARN_EMPTY_BODY = YES;
				CLANG_WARN_ENUM_CONVERSION = YES;
				CLANG_WARN_INFINITE_RECURSION = YES;
				CLANG_WARN_INT_CONVERSION = YES;
				CLANG_WARN_NON_LITERAL_NULL_CONVERSION = YES;
				CLANG_WARN_OBJC_IMPLICIT_RETAIN_SELF = YES;
				CLANG_WARN_OBJC_LITERAL_CONVERSION = YES;
				CLANG_WARN_OBJC_ROOT_CLASS = YES_ERROR;
				CLANG_WARN_QUOTED_INCLUDE_IN_FRAMEWORK_HEADER = YES;
				CLANG_WARN_RANGE_LOOP_ANALYSIS = YES;
				CLANG_WARN_STRICT_PROTOTYPES = YES;
				CLANG_WARN_SUSPICIOUS_MOVE = YES;
				CLANG_WARN_UNGUARDED_AVAILABILITY = YES_AGGRESSIVE;
				CLANG_WARN_UNREACHABLE_CODE = YES;
				CLANG_WARN__DUPLICATE_METHOD_MATCH = YES;
				COPY_PHASE_STRIP = NO;
				CURRENT_PROJECT_VERSION = 3;
				DEBUG_INFORMATION_FORMAT = "dwarf-with-dsym";
				ENABLE_NS_ASSERTIONS = NO;
				ENABLE_STRICT_OBJC_MSGSEND = YES;
				ENABLE_USER_SCRIPT_SANDBOXING = NO;
				GCC_C_LANGUAGE_STANDARD = gnu11;
				GCC_NO_COMMON_BLOCKS = YES;
				GCC_WARN_64_TO_32_BIT_CONVERSION = YES;
				GCC_WARN_ABOUT_RETURN_TYPE = YES_ERROR;
				GCC_WARN_UNDECLARED_SELECTOR = YES;
				GCC_WARN_UNINITIALIZED_AUTOS = YES_AGGRESSIVE;
				GCC_WARN_UNUSED_FUNCTION = YES;
				GCC_WARN_UNUSED_VARIABLE = YES;
				IPHONEOS_DEPLOYMENT_TARGET = 17.0;
				MARKETING_VERSION = 2.0.0;
				MTL_ENABLE_DEBUG_INFO = NO;
				MTL_FAST_MATH = YES;
				PRODUCT_NAME = "$(TARGET_NAME)";
				SDKROOT = iphoneos;
				SWIFT_COMPILATION_MODE = wholemodule;
				SWIFT_OPTIMIZATION_LEVEL = "-O";
				SWIFT_VERSION = 5.9;
			};
			name = Release;
		};
		905CEEA4F6B963ACDB1C38F2 /* Debug */ = {
			isa = XCBuildConfiguration;
			buildSettings = {
				ASSETCATALOG_COMPILER_APPICON_NAME = AppIcon;
				ASSETCATALOG_COMPILER_GLOBAL_ACCENT_COLOR_NAME = AccentColor;
				CODE_SIGN_IDENTITY = "iPhone Developer";
				DEVELOPMENT_TEAM = 278RL79DB5;
				INFOPLIST_FILE = Targets/Pharma/Resources/Info.plist;
				IPHONEOS_DEPLOYMENT_TARGET = 17.0;
				LD_RUNPATH_SEARCH_PATHS = (
					"$(inherited)",
					"@executable_path/Frameworks",
				);
				PRODUCT_BUNDLE_IDENTIFIER = com.jamesbrowne.PharmaGlossary;
				SDKROOT = iphoneos;
				TARGETED_DEVICE_FAMILY = "1,2";
			};
			name = Debug;
		};
		99BCEB07811E4FE594898CE0 /* Release */ = {
			isa = XCBuildConfiguration;
			buildSettings = {
				ASSETCATALOG_COMPILER_APPICON_NAME = AppIcon;
				ASSETCATALOG_COMPILER_GLOBAL_ACCENT_COLOR_NAME = AccentColor;
				CODE_SIGN_IDENTITY = "iPhone Developer";
				DEVELOPMENT_TEAM = 278RL79DB5;
				INFOPLIST_FILE = Targets/Pharma/Resources/Info.plist;
				IPHONEOS_DEPLOYMENT_TARGET = 17.0;
				LD_RUNPATH_SEARCH_PATHS = (
					"$(inherited)",
					"@executable_path/Frameworks",
				);
				PRODUCT_BUNDLE_IDENTIFIER = com.jamesbrowne.PharmaGlossary;
				SDKROOT = iphoneos;
				TARGETED_DEVICE_FAMILY = "1,2";
			};
			name = Release;
		};
/* End XCBuildConfiguration section */

/* Begin XCConfigurationList section */
		5D53F2C05449035AA941AEBF /* Build configuration list for PBXProject "JBGlossary" */ = {
			isa = XCConfigurationList;
			buildConfigurations = (
				1D5A3DE17B60C69959B8B658 /* Debug */,
				2DCFC588EF4E14B2C940404E /* Release */,
			);
			defaultConfigurationIsVisible = 0;
			defaultConfigurationName = Debug;
		};
		B355486CB4F96969FFCF9C25 /* Build configuration list for PBXNativeTarget "JBGlossary" */ = {
			isa = XCConfigurationList;
			buildConfigurations = (
				905CEEA4F6B963ACDB1C38F2 /* Debug */,
				99BCEB07811E4FE594898CE0 /* Release */,
			);
			defaultConfigurationIsVisible = 0;
			defaultConfigurationName = Debug;
		};
/* End XCConfigurationList section */
	};
	rootObject = 2B90E21B9F5F8472CCBAD779 /* Project object */;
}
